PODS:
  - ActiveLabel (0.7.1)
  - Alamofire (4.4.0)
  - BadgeSwift (5.0.1)
  - Firebase (4.0.0):
    - Firebase/Core (= 4.0.0)
  - Firebase/Auth (4.0.0):
    - Firebase/Core
    - FirebaseAuth (= 4.0.0)
  - Firebase/Core (4.0.0):
    - FirebaseAnalytics (= 4.0.0)
    - FirebaseCore (= 4.0.0)
  - Firebase/Database (4.0.0):
    - Firebase/Core
    - FirebaseDatabase (= 4.0.0)
  - Firebase/Messaging (4.0.0):
    - Firebase/Core
    - FirebaseMessaging (= 2.0.0)
  - Firebase/RemoteConfig (4.0.0):
    - Firebase/Core
    - FirebaseRemoteConfig (= 2.0.0)
  - Firebase/Storage (4.0.0):
    - Firebase/Core
    - FirebaseStorage (= 2.0.0)
  - FirebaseAnalytics (4.0.0):
    - FirebaseCore (~> 4.0)
    - FirebaseInstanceID (~> 2.0)
    - GoogleToolboxForMac/NSData+zlib (~> 2.1)
  - FirebaseAuth (4.0.0):
    - FirebaseAnalytics (~> 4.0)
    - GoogleToolboxForMac/NSDictionary+URLArguments (~> 2.1)
    - GTMSessionFetcher/Core (~> 1.1)
  - FirebaseCore (4.0.0):
    - GoogleToolboxForMac/NSData+zlib (~> 2.1)
  - FirebaseDatabase (4.0.0):
    - FirebaseAnalytics (~> 4.0)
  - FirebaseInstanceID (2.0.0):
    - FirebaseCore (~> 4.0)
  - FirebaseMessaging (2.0.0):
    - FirebaseAnalytics (~> 4.0)
    - FirebaseCore (~> 4.0)
    - FirebaseInstanceID (~> 2.0)
    - GoogleToolboxForMac/Logger (~> 2.1)
    - Protobuf (~> 3.1)
  - FirebaseRemoteConfig (2.0.0):
    - FirebaseAnalytics (~> 4.0)
    - FirebaseInstanceID (~> 2.0)
    - GoogleToolboxForMac/NSData+zlib (~> 2.1)
    - Protobuf (~> 3.1)
  - FirebaseStorage (2.0.0):
    - FirebaseAnalytics (~> 4.0)
    - FirebaseCore (~> 4.0)
    - GTMSessionFetcher/Core (~> 1.1)
  - GoogleMaps (2.2.0):
    - GoogleMaps/Maps (= 2.2.0)
  - GoogleMaps/Base (2.2.0)
  - GoogleMaps/Maps (2.2.0):
    - GoogleMaps/Base
  - GooglePlacePicker (2.2.0):
    - GoogleMaps (= 2.2.0)
    - GooglePlaces (= 2.2.0)
  - GooglePlaces (2.2.0):
    - GoogleMaps/Base (= 2.2.0)
  - GoogleToolboxForMac/DebugUtils (2.1.1):
    - GoogleToolboxForMac/Defines (= 2.1.1)
  - GoogleToolboxForMac/Defines (2.1.1)
  - GoogleToolboxForMac/Logger (2.1.1):
    - GoogleToolboxForMac/Defines (= 2.1.1)
  - GoogleToolboxForMac/NSData+zlib (2.1.1):
    - GoogleToolboxForMac/Defines (= 2.1.1)
  - GoogleToolboxForMac/NSDictionary+URLArguments (2.1.1):
    - GoogleToolboxForMac/DebugUtils (= 2.1.1)
    - GoogleToolboxForMac/Defines (= 2.1.1)
    - GoogleToolboxForMac/NSString+URLArguments (= 2.1.1)
  - GoogleToolboxForMac/NSString+URLArguments (2.1.1)
  - GTMSessionFetcher/Core (1.1.10)
  - JSQMessagesViewController (7.3.4):
    - JSQSystemSoundPlayer (~> 2.0.1)
  - JSQSystemSoundPlayer (2.0.1)
  - NVActivityIndicatorView (3.6.1)
  - Popover (1.0.5)
  - Protobuf (3.3.0)
  - ReSwift (3.0.0)
  - Segmentio (2.1)
  - SnapTimer (0.0.1)
  - SwiftMessages (3.3.3)
  - TGPControls (4.0.0)
  - TwicketSegmentedControl (0.1.2)
  - View2ViewTransition (1.0.0)

DEPENDENCIES:
  - ActiveLabel
  - Alamofire (~> 4.4)
  - BadgeSwift (~> 5.0)
  - Firebase
  - Firebase/Auth
  - Firebase/Database
  - Firebase/Messaging
  - Firebase/RemoteConfig
  - Firebase/Storage
  - GoogleMaps
  - GooglePlacePicker
  - GooglePlaces
  - JSQMessagesViewController
  - NVActivityIndicatorView
  - Popover
  - ReSwift (= 3.0.0)
  - Segmentio (= 2.1)
  - SnapTimer
  - SwiftMessages
  - TGPControls
  - TwicketSegmentedControl
  - View2ViewTransition (= 1.0.0)

SPEC CHECKSUMS:
  ActiveLabel: 68625f22775f51c31bb691ca8de20f1e5a3bc825
  Alamofire: dc44b1600b800eb63da6a19039a0083d62a6a62d
  BadgeSwift: 3defa56f504bfb46f2300122c4a565ec9e405c1e
  Firebase: 284eea779b73fdff309791817da7c68bff8dd572
  FirebaseAnalytics: 6f08e746f7d66f5452931bc2e822b5df9c66b64a
  FirebaseAuth: ebb6abcbabae00fc47446d690c19ce68d8484fde
  FirebaseCore: 85ad466044c2f013cdb167f85d426d15b128114a
  FirebaseDatabase: d829b3a8c3e2ac7a16773c5df226966b0805dfc2
  FirebaseInstanceID: 9fbf536668f4d3f0880e7438456dabd1376e294b
  FirebaseMessaging: 227406c05b0dc9290702d2e9f18ab5528f0c2cf2
  FirebaseRemoteConfig: b1bde8c572a1ca13558b5b179f4563cb877aa34b
  FirebaseStorage: 8110a1ed2034c8fbfd83890d2acc9cdbbd99afec
  GoogleMaps: 104c418d61ab8a05dff06ed0784c25ea9d37da45
  GooglePlacePicker: 345b1aabd42c9d6d9bf2369c1bae1234d903e764
  GooglePlaces: bca867d5e9da15384c794b945e4226848bc6e9d9
  GoogleToolboxForMac: 8e329f1b599f2512c6b10676d45736bcc2cbbeb0
  GTMSessionFetcher: 30d874b96d0d76028f61fbd122801e3f030d47db
  JSQMessagesViewController: 39fed975e3c9f8eba7292071e29eeb541d105e66
  JSQSystemSoundPlayer: c5850e77a4363ffd374cd851154b9af93264ed8d
  NVActivityIndicatorView: 9f52a7f84bf5c6a798722c450fe3c198e01c56ed
  Popover: f31b0ef6f43192256e6fcf13a0ce10f01c803159
  Protobuf: d582fecf68201eac3d79ed61369ef45734394b9c
  ReSwift: f0255f4b4f2dacd12c5d97d34d13fc5dad6d6371
  Segmentio: ec9451dde6e5668f4b6a88c901a035faf08f8612
  SnapTimer: e860473dc4b8b86831b23804fec520dc48644df4
  SwiftMessages: 09cea3336e3fb63c3578983c8aac65acaa6d884a
  TGPControls: d7ab5a338746c100b2ae57f6b6cedee7151f116a
  TwicketSegmentedControl: 6d7a4cf243657e0ac3f00d06d873a25334c04042
  View2ViewTransition: 010ea80e451e42427988102527b0216b8534a741

PODFILE CHECKSUM: 8d72dbe8b707705e8a9743de87dd742bed07739a

COCOAPODS: 1.2.0
